// !$*UTF8*$!
{
	archiveVersion = 1;
	classes = {
	};
	objectVersion = 50;
	objects = {

/* Begin PBXBuildFile section */
		774C4DC5235F52D400329977 /* Demo.swift in Sources */ = {isa = PBXBuildFile; fileRef = 774C4DC4235F52D400329977 /* Demo.swift */; };
		775F3617235E49B0007A6B6D /* CenterView.swift in Sources */ = {isa = PBXBuildFile; fileRef = 775F3616235E49AF007A6B6D /* CenterView.swift */; };
		775F3619235E4BAC007A6B6D /* BlurView.swift in Sources */ = {isa = PBXBuildFile; fileRef = 775F3618235E4BAC007A6B6D /* BlurView.swift */; };
		775F361B235EB6C9007A6B6D /* BottomView.swift in Sources */ = {isa = PBXBuildFile; fileRef = 775F361A235EB6C9007A6B6D /* BottomView.swift */; };
		77727B18235CECFA0007D9ED /* RoundedCorners.swift in Sources */ = {isa = PBXBuildFile; fileRef = 77727B17235CECFA0007D9ED /* RoundedCorners.swift */; };
		77727B1A235CFA940007D9ED /* TopView.swift in Sources */ = {isa = PBXBuildFile; fileRef = 77727B19235CFA940007D9ED /* TopView.swift */; };
		77BF86BA235C269500E9F30B /* AppDelegate.swift in Sources */ = {isa = PBXBuildFile; fileRef = 77BF86B9235C269500E9F30B /* AppDelegate.swift */; };
		77BF86BC235C269500E9F30B /* SceneDelegate.swift in Sources */ = {isa = PBXBuildFile; fileRef = 77BF86BB235C269500E9F30B /* SceneDelegate.swift */; };
		77BF86BE235C269500E9F30B /* ContentView.swift in Sources */ = {isa = PBXBuildFile; fileRef = 77BF86BD235C269500E9F30B /* ContentView.swift */; };
		77BF86C0235C269700E9F30B /* Assets.xcassets in Resources */ = {isa = PBXBuildFile; fileRef = 77BF86BF235C269700E9F30B /* Assets.xcassets */; };
		77BF86C3235C269700E9F30B /* Preview Assets.xcassets in Resources */ = {isa = PBXBuildFile; fileRef = 77BF86C2235C269700E9F30B /* Preview Assets.xcassets */; };
		77BF86C6235C269700E9F30B /* LaunchScreen.storyboard in Resources */ = {isa = PBXBuildFile; fileRef = 77BF86C4235C269700E9F30B /* LaunchScreen.storyboard */; };
/* End PBXBuildFile section */

/* Begin PBXFileReference section */
		774C4DC4235F52D400329977 /* Demo.swift */ = {isa = PBXFileReference; lastKnownFileType = sourcecode.swift; path = Demo.swift; sourceTree = "<group>"; };
		775F3616235E49AF007A6B6D /* CenterView.swift */ = {isa = PBXFileReference; lastKnownFileType = sourcecode.swift; path = CenterView.swift; sourceTree = "<group>"; };
		775F3618235E4BAC007A6B6D /* BlurView.swift */ = {isa = PBXFileReference; lastKnownFileType = sourcecode.swift; path = BlurView.swift; sourceTree = "<group>"; };
		775F361A235EB6C9007A6B6D /* BottomView.swift */ = {isa = PBXFileReference; lastKnownFileType = sourcecode.swift; path = BottomView.swift; sourceTree = "<group>"; };
		77727B17235CECFA0007D9ED /* RoundedCorners.swift */ = {isa = PBXFileReference; lastKnownFileType = sourcecode.swift; path = RoundedCorners.swift; sourceTree = "<group>"; };
		77727B19235CFA940007D9ED /* TopView.swift */ = {isa = PBXFileReference; lastKnownFileType = sourcecode.swift; path = TopView.swift; sourceTree = "<group>"; };
		77BF86B6235C269500E9F30B /* WeatherApp.app */ = {isa = PBXFileReference; explicitFileType = wrapper.application; includeInIndex = 0; path = WeatherApp.app; sourceTree = BUILT_PRODUCTS_DIR; };
		77BF86B9235C269500E9F30B /* AppDelegate.swift */ = {isa = PBXFileReference; lastKnownFileType = sourcecode.swift; path = AppDelegate.swift; sourceTree = "<group>"; };
		77BF86BB235C269500E9F30B /* SceneDelegate.swift */ = {isa = PBXFileReference; lastKnownFileType = sourcecode.swift; path = SceneDelegate.swift; sourceTree = "<group>"; };
		77BF86BD235C269500E9F30B /* ContentView.swift */ = {isa = PBXFileReference; lastKnownFileType = sourcecode.swift; path = ContentView.swift; sourceTree = "<group>"; };
		77BF86BF235C269700E9F30B /* Assets.xcassets */ = {isa = PBXFileReference; lastKnownFileType = folder.assetcatalog; path = Assets.xcassets; sourceTree = "<group>"; };
		77BF86C2235C269700E9F30B /* Preview Assets.xcassets */ = {isa = PBXFileReference; lastKnownFileType = folder.assetcatalog; path = "Preview Assets.xcassets"; sourceTree = "<group>"; };
		77BF86C5235C269700E9F30B /* Base */ = {isa = PBXFileReference; lastKnownFileType = file.storyboard; name = Base; path = Base.lproj/LaunchScreen.storyboard; sourceTree = "<group>"; };
		77BF86C7235C269700E9F30B /* Info.plist */ = {isa = PBXFileReference; lastKnownFileType = text.plist.xml; path = Info.plist; sourceTree = "<group>"; };
/* End PBXFileReference section */

/* Begin PBXFrameworksBuildPhase section */
		77BF86B3235C269500E9F30B /* Frameworks */ = {
			isa = PBXFrameworksBuildPhase;
			buildActionMask = 2147483647;
			files = (
			);
			runOnlyForDeploymentPostprocessing = 0;
		};
/* End PBXFrameworksBuildPhase section */

/* Begin PBXGroup section */
		775F361C235EBBAE007A6B6D /* View */ = {
			isa = PBXGroup;
			children = (
				77BF86BD235C269500E9F30B /* ContentView.swift */,
				77727B19235CFA940007D9ED /* TopView.swift */,
				775F3616235E49AF007A6B6D /* CenterView.swift */,
				775F361A235EB6C9007A6B6D /* BottomView.swift */,
				774C4DC4235F52D400329977 /* Demo.swift */,
			);
			path = View;
			sourceTree = "<group>";
		};
		77727B1B235CFAA50007D9ED /* UiUtility */ = {
			isa = PBXGroup;
			children = (
				77727B17235CECFA0007D9ED /* RoundedCorners.swift */,
				775F3618235E4BAC007A6B6D /* BlurView.swift */,
			);
			path = UiUtility;
			sourceTree = "<group>";
		};
		77BF86AD235C269500E9F30B = {
			isa = PBXGroup;
			children = (
				77BF86B8235C269500E9F30B /* WeatherApp */,
				77BF86B7235C269500E9F30B /* Products */,
			);
			sourceTree = "<group>";
		};
		77BF86B7235C269500E9F30B /* Products */ = {
			isa = PBXGroup;
			children = (
				77BF86B6235C269500E9F30B /* WeatherApp.app */,
			);
			name = Products;
			sourceTree = "<group>";
		};
		77BF86B8235C269500E9F30B /* WeatherApp */ = {
			isa = PBXGroup;
			children = (
				775F361C235EBBAE007A6B6D /* View */,
				77727B1B235CFAA50007D9ED /* UiUtility */,
				77BF86B9235C269500E9F30B /* AppDelegate.swift */,
				77BF86BB235C269500E9F30B /* SceneDelegate.swift */,
				77BF86BF235C269700E9F30B /* Assets.xcassets */,
				77BF86C4235C269700E9F30B /* LaunchScreen.storyboard */,
				77BF86C7235C269700E9F30B /* Info.plist */,
				77BF86C1235C269700E9F30B /* Preview Content */,
			);
			path = WeatherApp;
			sourceTree = "<group>";
		};
		77BF86C1235C269700E9F30B /* Preview Content */ = {
			isa = PBXGroup;
			children = (
				77BF86C2235C269700E9F30B /* Preview Assets.xcassets */,
			);
			path = "Preview Content";
			sourceTree = "<group>";
		};
/* End PBXGroup section */

/* Begin PBXNativeTarget section */
		77BF86B5235C269500E9F30B /* WeatherApp */ = {
			isa = PBXNativeTarget;
			buildConfigurationList = 77BF86CA235C269700E9F30B /* Build configuration list for PBXNativeTarget "WeatherApp" */;
			buildPhases = (
				77BF86B2235C269500E9F30B /* Sources */,
				77BF86B3235C269500E9F30B /* Frameworks */,
				77BF86B4235C269500E9F30B /* Resources */,
			);
			buildRules = (
			);
			dependencies = (
			);
			name = WeatherApp;
			productName = WeatherApp;
			productReference = 77BF86B6235C269500E9F30B /* WeatherApp.app */;
			productType = "com.apple.product-type.application";
		};
/* End PBXNativeTarget section */

/* Begin PBXProject section */
		77BF86AE235C269500E9F30B /* Project object */ = {
			isa = PBXProject;
			attributes = {
				LastSwiftUpdateCheck = 1100;
				LastUpgradeCheck = 1100;
				ORGANIZATIONNAME = "Mayur Rathod";
				TargetAttributes = {
					77BF86B5235C269500E9F30B = {
						CreatedOnToolsVersion = 11.0;
					};
				};
			};
			buildConfigurationList = 77BF86B1235C269500E9F30B /* Build configuration list for PBXProject "WeatherApp" */;
			compatibilityVersion = "Xcode 9.3";
			developmentRegion = en;
			hasScannedForEncodings = 0;
			knownRegions = (
				en,
				Base,
			);
			mainGroup = 77BF86AD235C269500E9F30B;
			productRefGroup = 77BF86B7235C269500E9F30B /* Products */;
			projectDirPath = "";
			projectRoot = "";
			targets = (
				77BF86B5235C269500E9F30B /* WeatherApp */,
			);
		};
/* End PBXProject section */

/* Begin PBXResourcesBuildPhase section */
		77BF86B4235C269500E9F30B /* Resources */ = {
			isa = PBXResourcesBuildPhase;
			buildActionMask = 2147483647;
			files = (
				77BF86C6235C269700E9F30B /* LaunchScreen.storyboard in Resources */,
				77BF86C3235C269700E9F30B /* Preview Assets.xcassets in Resources */,
				77BF86C0235C269700E9F30B /* Assets.xcassets in Resources */,
			);
			runOnlyForDeploymentPostprocessing = 0;
		};
/* End PBXResourcesBuildPhase section */

/* Begin PBXSourcesBuildPhase section */
		77BF86B2235C269500E9F30B /* Sources */ = {
			isa = PBXSourcesBuildPhase;
			buildActionMask = 2147483647;
			files = (
				77727B18235CECFA0007D9ED /* RoundedCorners.swift in Sources */,
				775F3619235E4BAC007A6B6D /* BlurView.swift in Sources */,
				774C4DC5235F52D400329977 /* Demo.swift in Sources */,
				775F3617235E49B0007A6B6D /* CenterView.swift in Sources */,
				775F361B235EB6C9007A6B6D /* BottomView.swift in Sources */,
				77727B1A235CFA940007D9ED /* TopView.swift in Sources */,
				77BF86BA235C269500E9F30B /* AppDelegate.swift in Sources */,
				77BF86BC235C269500E9F30B /* SceneDelegate.swift in Sources */,
				77BF86BE235C269500E9F30B /* ContentView.swift in Sources */,
			);
			runOnlyForDeploymentPostprocessing = 0;
		};
/* End PBXSourcesBuildPhase section */

/* Begin PBXVariantGroup section */
		77BF86C4235C269700E9F30B /* LaunchScreen.storyboard */ = {
			isa = PBXVariantGroup;
			children = (
				77BF86C5235C269700E9F30B /* Base */,
			);
			name = LaunchScreen.storyboard;
			sourceTree = "<group>";
		};
/* End PBXVariantGroup section */

/* Begin XCBuildConfiguration section */
		77BF86C8235C269700E9F30B /* Debug */ = {
			isa = XCBuildConfiguration;
			buildSettings = {
				ALWAYS_SEARCH_USER_PATHS = NO;
				CLANG_ANALYZER_NONNULL = YES;
				CLANG_ANALYZER_NUMBER_OBJECT_CONVERSION = YES_AGGRESSIVE;
				CLANG_CXX_LANGUAGE_STANDARD = "gnu++14";
				CLANG_CXX_LIBRARY = "libc++";
				CLANG_ENABLE_MODULES = YES;
				CLANG_ENABLE_OBJC_ARC = YES;
				CLANG_ENABLE_OBJC_WEAK = YES;
				CLANG_WARN_BLOCK_CAPTURE_AUTORELEASING = YES;
				CLANG_WARN_BOOL_CONVERSION = YES;
				CLANG_WARN_COMMA = YES;
				CLANG_WARN_CONSTANT_CONVERSION = YES;
				CLANG_WARN_DEPRECATED_OBJC_IMPLEMENTATIONS = YES;
				CLANG_WARN_DIRECT_OBJC_ISA_USAGE = YES_ERROR;
				CLANG_WARN_DOCUMENTATION_COMMENTS = YES;
				CLANG_WARN_EMPTY_BODY = YES;
				CLANG_WARN_ENUM_CONVERSION = YES;
				CLANG_WARN_INFINITE_RECURSION = YES;
				CLANG_WARN_INT_CONVERSION = YES;
				CLANG_WARN_NON_LITERAL_NULL_CONVERSION = YES;
				CLANG_WARN_OBJC_IMPLICIT_RETAIN_SELF = YES;
				CLANG_WARN_OBJC_LITERAL_CONVERSION = YES;
				CLANG_WARN_OBJC_ROOT_CLASS = YES_ERROR;
				CLANG_WARN_RANGE_LOOP_ANALYSIS = YES;
				CLANG_WARN_STRICT_PROTOTYPES = YES;
				CLANG_WARN_SUSPICIOUS_MOVE = YES;
				CLANG_WARN_UNGUARDED_AVAILABILITY = YES_AGGRESSIVE;
				CLANG_WARN_UNREACHABLE_CODE = YES;
				CLANG_WARN__DUPLICATE_METHOD_MATCH = YES;
				COPY_PHASE_STRIP = NO;
				DEBUG_INFORMATION_FORMAT = dwarf;
				ENABLE_STRICT_OBJC_MSGSEND = YES;
				ENABLE_TESTABILITY = YES;
				GCC_C_LANGUAGE_STANDARD = gnu11;
				GCC_DYNAMIC_NO_PIC = NO;
				GCC_NO_COMMON_BLOCKS = YES;
				GCC_OPTIMIZATION_LEVEL = 0;
				GCC_PREPROCESSOR_DEFINITIONS = (
					"DEBUG=1",
					"$(inherited)",
				);
				GCC_WARN_64_TO_32_BIT_CONVERSION = YES;
				GCC_WARN_ABOUT_RETURN_TYPE = YES_ERROR;
				GCC_WARN_UNDECLARED_SELECTOR = YES;
				GCC_WARN_UNINITIALIZED_AUTOS = YES_AGGRESSIVE;
				GCC_WARN_UNUSED_FUNCTION = YES;
				GCC_WARN_UNUSED_VARIABLE = YES;
				IPHONEOS_DEPLOYMENT_TARGET = 13.0;
				MTL_ENABLE_DEBUG_INFO = INCLUDE_SOURCE;
				MTL_FAST_MATH = YES;
				ONLY_ACTIVE_ARCH = YES;
				SDKROOT = iphoneos;
				SWIFT_ACTIVE_COMPILATION_CONDITIONS = DEBUG;
				SWIFT_OPTIMIZATION_LEVEL = "-Onone";
			};
			name = Debug;
		};
		77BF86C9235C269700E9F30B /* Release */ = {
			isa = XCBuildConfiguration;
			buildSettings = {
				ALWAYS_SEARCH_USER_PATHS = NO;
				CLANG_ANALYZER_NONNULL = YES;
				CLANG_ANALYZER_NUMBER_OBJECT_CONVERSION = YES_AGGRESSIVE;
				CLANG_CXX_LANGUAGE_STANDARD = "gnu++14";
				CLANG_CXX_LIBRARY = "libc++";
				CLANG_ENABLE_MODULES = YES;
				CLANG_ENABLE_OBJC_ARC = YES;
				CLANG_ENABLE_OBJC_WEAK = YES;
				CLANG_WARN_BLOCK_CAPTURE_AUTORELEASING = YES;
				CLANG_WARN_BOOL_CONVERSION = YES;
				CLANG_WARN_COMMA = YES;
				CLANG_WARN_CONSTANT_CONVERSION = YES;
				CLANG_WARN_DEPRECATED_OBJC_IMPLEMENTATIONS = YES;
				CLANG_WARN_DIRECT_OBJC_ISA_USAGE = YES_ERROR;
				CLANG_WARN_DOCUMENTATION_COMMENTS = YES;
				CLANG_WARN_EMPTY_BODY = YES;
				CLANG_WARN_ENUM_CONVERSION = YES;
				CLANG_WARN_INFINITE_RECURSION = YES;
				CLANG_WARN_INT_CONVERSION = YES;
				CLANG_WARN_NON_LITERAL_NULL_CONVERSION = YES;
				CLANG_WARN_OBJC_IMPLICIT_RETAIN_SELF = YES;
				CLANG_WARN_OBJC_LITERAL_CONVERSION = YES;
				CLANG_WARN_OBJC_ROOT_CLASS = YES_ERROR;
				CLANG_WARN_RANGE_LOOP_ANALYSIS = YES;
				CLANG_WARN_STRICT_PROTOTYPES = YES;
				CLANG_WARN_SUSPICIOUS_MOVE = YES;
				CLANG_WARN_UNGUARDED_AVAILABILITY = YES_AGGRESSIVE;
				CLANG_WARN_UNREACHABLE_CODE = YES;
				CLANG_WARN__DUPLICATE_METHOD_MATCH = YES;
				COPY_PHASE_STRIP = NO;
				DEBUG_INFORMATION_FORMAT = "dwarf-with-dsym";
				ENABLE_NS_ASSERTIONS = NO;
				ENABLE_STRICT_OBJC_MSGSEND = YES;
				GCC_C_LANGUAGE_STANDARD = gnu11;
				GCC_NO_COMMON_BLOCKS = YES;
				GCC_WARN_64_TO_32_BIT_CONVERSION = YES;
				GCC_WARN_ABOUT_RETURN_TYPE = YES_ERROR;
				GCC_WARN_UNDECLARED_SELECTOR = YES;
				GCC_WARN_UNINITIALIZED_AUTOS = YES_AGGRESSIVE;
				GCC_WARN_UNUSED_FUNCTION = YES;
				GCC_WARN_UNUSED_VARIABLE = YES;
				IPHONEOS_DEPLOYMENT_TARGET = 13.0;
				MTL_ENABLE_DEBUG_INFO = NO;
				MTL_FAST_MATH = YES;
				SDKROOT = iphoneos;
				SWIFT_COMPILATION_MODE = wholemodule;
				SWIFT_OPTIMIZATION_LEVEL = "-O";
				VALIDATE_PRODUCT = YES;
			};
			name = Release;
		};
		77BF86CB235C269700E9F30B /* Debug */ = {
			isa = XCBuildConfiguration;
			buildSettings = {
				ASSETCATALOG_COMPILER_APPICON_NAME = AppIcon;
				CODE_SIGN_STYLE = Automatic;
				DEVELOPMENT_ASSET_PATHS = "\"WeatherApp/Preview Content\"";
				DEVELOPMENT_TEAM = AFBHHNX58G;
				ENABLE_PREVIEWS = YES;
				INFOPLIST_FILE = WeatherApp/Info.plist;
				LD_RUNPATH_SEARCH_PATHS = (
					"$(inherited)",
					"@executable_path/Frameworks",
				);
				PRODUCT_BUNDLE_IDENTIFIER = com.mayur.WeatherApp;
				PRODUCT_NAME = "$(TARGET_NAME)";
				SWIFT_VERSION = 5.0;
				TARGETED_DEVICE_FAMILY = "1,2";
			};
			name = Debug;
		};
		77BF86CC235C269700E9F30B /* Release */ = {
			isa = XCBuildConfiguration;
			buildSettings = {
				ASSETCATALOG_COMPILER_APPICON_NAME = AppIcon;
				CODE_SIGN_STYLE = Automatic;
				DEVELOPMENT_ASSET_PATHS = "\"WeatherApp/Preview Content\"";
				DEVELOPMENT_TEAM = AFBHHNX58G;
				ENABLE_PREVIEWS = YES;
				INFOPLIST_FILE = WeatherApp/Info.plist;
				LD_RUNPATH_SEARCH_PATHS = (
					"$(inherited)",
					"@executable_path/Frameworks",
				);
				PRODUCT_BUNDLE_IDENTIFIER = com.mayur.WeatherApp;
				PRODUCT_NAME = "$(TARGET_NAME)";
				SWIFT_VERSION = 5.0;
				TARGETED_DEVICE_FAMILY = "1,2";
			};
			name = Release;
		};
/* End XCBuildConfiguration section */

/* Begin XCConfigurationList section */
		77BF86B1235C269500E9F30B /* Build configuration list for PBXProject "WeatherApp" */ = {
			isa = XCConfigurationList;
			buildConfigurations = (
				77BF86C8235C269700E9F30B /* Debug */,
				77BF86C9235C269700E9F30B /* Release */,
			);
			defaultConfigurationIsVisible = 0;
			defaultConfigurationName = Release;
		};
		77BF86CA235C269700E9F30B /* Build configuration list for PBXNativeTarget "WeatherApp" */ = {
			isa = XCConfigurationList;
			buildConfigurations = (
				77BF86CB235C269700E9F30B /* Debug */,
				77BF86CC235C269700E9F30B /* Release */,
			);
			defaultConfigurationIsVisible = 0;
			defaultConfigurationName = Release;
		};
/* End XCConfigurationList section */
	};
	rootObject = 77BF86AE235C269500E9F30B /* Project object */;
}
